
Microsoft Visual Studio Solution File, Format Version 12.00
# Visual Studio 14
VisualStudioVersion = 14.0.25420.1
MinimumVisualStudioVersion = 10.0.40219.1
Project("{FAE04EC0-301F-11D3-BF4B-00C04F79EFBC}") = "numeric dropdown", "numeric dropdown\numeric dropdown.csproj", "{73A537AF-0FCD-4879-B6D9-9D1CE5D88F34}"
EndProject
Global
	GlobalSection(SolutionConfigurationPlatforms) = preSolution
		Debug|Any CPU = Debug|Any CPU
		Release|Any CPU = Release|Any CPU
	EndGlobalSection
	GlobalSection(ProjectConfigurationPlatforms) = postSolution
		{73A537AF-0FCD-4879-B6D9-9D1CE5D88F34}.Debug|Any CPU.ActiveCfg = Debug|Any CPU
		{73A537AF-0FCD-4879-B6D9-9D1CE5D88F34}.Debug|Any CPU.Build.0 = Debug|Any CPU
		{73A537AF-0FCD-4879-B6D9-9D1CE5D88F34}.Release|Any CPU.ActiveCfg = Release|Any CPU
		{73A537AF-0FCD-4879-B6D9-9D1CE5D88F34}.Release|Any CPU.Build.0 = Release|Any CPU
	EndGlobalSection
	GlobalSection(SolutionProperties) = preSolution
		HideSolutionNode = FALSE
	EndGlobalSection
EndGlobal
